
Microsoft Visual Studio Solution File, Format Version 12.00
# Visual Studio Version 16
VisualStudioVersion = 16.0.30406.217
MinimumVisualStudioVersion = 10.0.40219.1
Project("{FAE04EC0-301F-11D3-BF4B-00C04F79EFBC}") = "PProxy-gui", "PProxy-gui.csproj", "{995C04F0-D00B-4F7A-B084-B3B05847C2C4}"
EndProject
Global
	GlobalSection(SolutionConfigurationPlatforms) = preSolution
		Debug|Any CPU = Debug|Any CPU
		Debug|x64 = Debug|x64
		Release|Any CPU = Release|Any CPU
		Release|x64 = Release|x64
	EndGlobalSection
	GlobalSection(ProjectConfigurationPlatforms) = postSolution
		{995C04F0-D00B-4F7A-B084-B3B05847C2C4}.Debug|Any CPU.ActiveCfg = Debug|Any CPU
		{995C04F0-D00B-4F7A-B084-B3B05847C2C4}.Debug|Any CPU.Build.0 = Debug|Any CPU
		{995C04F0-D00B-4F7A-B084-B3B05847C2C4}.Debug|x64.ActiveCfg = Debug|x64
		{995C04F0-D00B-4F7A-B084-B3B05847C2C4}.Debug|x64.Build.0 = Debug|x64
		{995C04F0-D00B-4F7A-B084-B3B05847C2C4}.Release|Any CPU.ActiveCfg = Release|Any CPU
		{995C04F0-D00B-4F7A-B084-B3B05847C2C4}.Release|Any CPU.Build.0 = Release|Any CPU
		{995C04F0-D00B-4F7A-B084-B3B05847C2C4}.Release|x64.ActiveCfg = Release|x64
		{995C04F0-D00B-4F7A-B084-B3B05847C2C4}.Release|x64.Build.0 = Release|x64
	EndGlobalSection
	GlobalSection(SolutionProperties) = preSolution
		HideSolutionNode = FALSE
	EndGlobalSection
	GlobalSection(ExtensibilityGlobals) = postSolution
		SolutionGuid = {D472BD90-6BEA-4702-B9C0-C808F0A5DEE1}
	EndGlobalSection
EndGlobal
